
Microsoft Visual Studio Solution File, Format Version 12.00
# Visual Studio Version 16
VisualStudioVersion = 16.0.30804.86
MinimumVisualStudioVersion = 10.0.40219.1
Project("{FAE04EC0-301F-11D3-BF4B-00C04F79EFBC}") = "DataSourceClasse", "DataSourceClasse\DataSourceClasse.csproj", "{86D5EA2F-20EF-4D59-8071-044002BB1735}"
EndProject
Global
	GlobalSection(SolutionConfigurationPlatforms) = preSolution
		Debug|Any CPU = Debug|Any CPU
		Release|Any CPU = Release|Any CPU
	EndGlobalSection
	GlobalSection(ProjectConfigurationPlatforms) = postSolution
		{86D5EA2F-20EF-4D59-8071-044002BB1735}.Debug|Any CPU.ActiveCfg = Debug|Any CPU
		{86D5EA2F-20EF-4D59-8071-044002BB1735}.Debug|Any CPU.Build.0 = Debug|Any CPU
		{86D5EA2F-20EF-4D59-8071-044002BB1735}.Release|Any CPU.ActiveCfg = Release|Any CPU
		{86D5EA2F-20EF-4D59-8071-044002BB1735}.Release|Any CPU.Build.0 = Release|Any CPU
	EndGlobalSection
	GlobalSection(SolutionProperties) = preSolution
		HideSolutionNode = FALSE
	EndGlobalSection
	GlobalSection(ExtensibilityGlobals) = postSolution
		SolutionGuid = {DF6487D7-1CF2-422C-A221-BC665F516C03}
	EndGlobalSection
EndGlobal
